
Microsoft Visual Studio Solution File, Format Version 12.00
# Visual Studio Version 17
VisualStudioVersion = 17.6.33815.320
MinimumVisualStudioVersion = 10.0.40219.1
Project("{888888A0-9F3D-457C-B088-3A5042F75D52}") = "Website_Hutang_Piutang", "Website_Hutang_Piutang\Website_Hutang_Piutang.pyproj", "{7EEA908E-2832-41F3-9D40-F666A0E5A396}"
EndProject
Global
	GlobalSection(SolutionConfigurationPlatforms) = preSolution
		Debug|Any CPU = Debug|Any CPU
		Release|Any CPU = Release|Any CPU
	EndGlobalSection
	GlobalSection(ProjectConfigurationPlatforms) = postSolution
		{7EEA908E-2832-41F3-9D40-F666A0E5A396}.Debug|Any CPU.ActiveCfg = Debug|Any CPU
		{7EEA908E-2832-41F3-9D40-F666A0E5A396}.Debug|Any CPU.Build.0 = Debug|Any CPU
		{7EEA908E-2832-41F3-9D40-F666A0E5A396}.Release|Any CPU.ActiveCfg = Release|Any CPU
		{7EEA908E-2832-41F3-9D40-F666A0E5A396}.Release|Any CPU.Build.0 = Release|Any CPU
	EndGlobalSection
	GlobalSection(SolutionProperties) = preSolution
		HideSolutionNode = FALSE
	EndGlobalSection
	GlobalSection(ExtensibilityGlobals) = postSolution
		SolutionGuid = {3EDB070A-8F1C-48FA-8848-CD51DE43887D}
	EndGlobalSection
EndGlobal
